PODS:
  - AMap3DMap (9.3.1):
    - AMapFoundation (>= 1.7.0)
  - amap_flutter_map (0.0.1):
    - AMap3DMap
    - Flutter
  - amap_tools (0.0.1):
    - Flutter
  - AMapFoundation (1.7.0)
  - Flutter (1.0.0)

DEPENDENCIES:
  - amap_flutter_map (from `.symlinks/plugins/amap_flutter_map/ios`)
  - amap_tools (from `.symlinks/plugins/amap_tools/ios`)
  - Flutter (from `Flutter`)

SPEC REPOS:
  trunk:
    - AMap3DMap
    - AMapFoundation

EXTERNAL SOURCES:
  amap_flutter_map:
    :path: ".symlinks/plugins/amap_flutter_map/ios"
  amap_tools:
    :path: ".symlinks/plugins/amap_tools/ios"
  Flutter:
    :path: Flutter

SPEC CHECKSUMS:
  AMap3DMap: 6e0dd1fdc9bc83603ea9dcdcbc5ff7daf767e411
  amap_flutter_map: 979e54d227cedac6c7504a2151bfbf3bcf96760a
  amap_tools: b34f333dd2b86319d4db4e42fefa97201f90b887
  AMapFoundation: c14fcebd8e4267c593bd2e25067ac86b0ce64aba
  Flutter: 50d75fe2f02b26cc09d224853bb45737f8b3214a

PODFILE CHECKSUM: aafe91acc616949ddb318b77800a7f51bffa2a4c

COCOAPODS: 1.10.1
